version = 1
revision = 1
requires-python = ">=3.10"

# ── This lock file was generated by uv ────────────────────────
# Re-generate after any dependency change:
#   uv lock
# Install all locked deps globally:
#   uv pip install --system -r uv.lock  (or: uv sync --system)

[[package]]
name = "sentiment-analysis-webapp"
version = "1.0.0"
source = { editable = "." }
dependencies = [
    { name = "datasets",     specifier = ">=2.19.0"  },
    { name = "nltk",         specifier = ">=3.8.1"   },
    { name = "scikit-learn", specifier = ">=1.4.0"   },
    { name = "numpy",        specifier = ">=1.26.0"  },
    { name = "pandas",       specifier = ">=2.2.0"   },
    { name = "joblib",       specifier = ">=1.4.0"   },
    { name = "fastapi",      specifier = ">=0.111.0" },
    { name = "uvicorn",      extras = ["standard"], specifier = ">=0.29.0" },
    { name = "pydantic",     specifier = ">=2.7.0"   },
    { name = "matplotlib",   specifier = ">=3.8.0"   },
    { name = "seaborn",      specifier = ">=0.13.0"  },
]

# ── Pinned resolutions ─────────────────────────────────────────
[[package]]
name = "scikit-learn"
version = "1.4.2"
source = { registry = "https://pypi.org/simple" }
sdist = { url = "https://files.pythonhosted.org/packages/scikit_learn-1.4.2.tar.gz" }

[[package]]
name = "numpy"
version = "1.26.4"
source = { registry = "https://pypi.org/simple" }

[[package]]
name = "pandas"
version = "2.2.2"
source = { registry = "https://pypi.org/simple" }

[[package]]
name = "fastapi"
version = "0.111.0"
source = { registry = "https://pypi.org/simple" }

[[package]]
name = "uvicorn"
version = "0.29.0"
extras = ["standard"]
source = { registry = "https://pypi.org/simple" }

[[package]]
name = "pydantic"
version = "2.7.1"
source = { registry = "https://pypi.org/simple" }

[[package]]
name = "joblib"
version = "1.4.0"
source = { registry = "https://pypi.org/simple" }

[[package]]
name = "nltk"
version = "3.8.1"
source = { registry = "https://pypi.org/simple" }

[[package]]
name = "datasets"
version = "2.19.1"
source = { registry = "https://pypi.org/simple" }

[[package]]
name = "matplotlib"
version = "3.8.4"
source = { registry = "https://pypi.org/simple" }

[[package]]
name = "seaborn"
version = "0.13.2"
source = { registry = "https://pypi.org/simple" }
